
Microsoft Visual Studio Solution File, Format Version 12.00
# Visual Studio 15
VisualStudioVersion = 15.0.28307.421
MinimumVisualStudioVersion = 10.0.40219.1
Project("{8BC9CEB8-8B4A-11D0-8D11-00A0C91BC942}") = "SIngletonc++", "SIngletonc++\SIngletonc++.vcxproj", "{D9715792-DFBA-4C5A-B18D-30D7808EA79B}"
EndProject
Global
	GlobalSection(SolutionConfigurationPlatforms) = preSolution
		Debug|x64 = Debug|x64
		Debug|x86 = Debug|x86
		Release|x64 = Release|x64
		Release|x86 = Release|x86
	EndGlobalSection
	GlobalSection(ProjectConfigurationPlatforms) = postSolution
		{D9715792-DFBA-4C5A-B18D-30D7808EA79B}.Debug|x64.ActiveCfg = Debug|x64
		{D9715792-DFBA-4C5A-B18D-30D7808EA79B}.Debug|x64.Build.0 = Debug|x64
		{D9715792-DFBA-4C5A-B18D-30D7808EA79B}.Debug|x86.ActiveCfg = Debug|Win32
		{D9715792-DFBA-4C5A-B18D-30D7808EA79B}.Debug|x86.Build.0 = Debug|Win32
		{D9715792-DFBA-4C5A-B18D-30D7808EA79B}.Release|x64.ActiveCfg = Release|x64
		{D9715792-DFBA-4C5A-B18D-30D7808EA79B}.Release|x64.Build.0 = Release|x64
		{D9715792-DFBA-4C5A-B18D-30D7808EA79B}.Release|x86.ActiveCfg = Release|Win32
		{D9715792-DFBA-4C5A-B18D-30D7808EA79B}.Release|x86.Build.0 = Release|Win32
	EndGlobalSection
	GlobalSection(SolutionProperties) = preSolution
		HideSolutionNode = FALSE
	EndGlobalSection
	GlobalSection(ExtensibilityGlobals) = postSolution
		SolutionGuid = {DA459B70-5167-4D21-8C1F-95AF5A7632A9}
	EndGlobalSection
EndGlobal
